// !$*UTF8*$!
{
	archiveVersion = 1;
	classes = {
	};
	objectVersion = 46;
	objects = {

/* Begin PBXBuildFile section */
		2F37D6158FE4079F9491EDE9 /* libPods.a in Frameworks */ = {isa = PBXBuildFile; fileRef = A28DA5ACC8CEF9757D3B4D08 /* libPods.a */; };
		50AE90B51A7B4A6D002A9803 /* viewControllerModel.swift in Sources */ = {isa = PBXBuildFile; fileRef = 50AE90B41A7B4A6D002A9803 /* viewControllerModel.swift */; };
		50AE90B71A7B4A7D002A9803 /* textViewModel.swift in Sources */ = {isa = PBXBuildFile; fileRef = 50AE90B61A7B4A7D002A9803 /* textViewModel.swift */; };
		50AE90B91A7B4A93002A9803 /* voiceOutputModel.swift in Sources */ = {isa = PBXBuildFile; fileRef = 50AE90B81A7B4A93002A9803 /* voiceOutputModel.swift */; };
		50D583B91A841E2600FF084C /* tessdata in Resources */ = {isa = PBXBuildFile; fileRef = 50D583B81A841E2600FF084C /* tessdata */; };
		6F2ABEC51A7B3BDF0097F537 /* AppDelegate.swift in Sources */ = {isa = PBXBuildFile; fileRef = 6F2ABEC41A7B3BDF0097F537 /* AppDelegate.swift */; };
		6F2ABEC71A7B3BDF0097F537 /* ViewController.swift in Sources */ = {isa = PBXBuildFile; fileRef = 6F2ABEC61A7B3BDF0097F537 /* ViewController.swift */; };
		6F2ABECA1A7B3BDF0097F537 /* Main.storyboard in Resources */ = {isa = PBXBuildFile; fileRef = 6F2ABEC81A7B3BDF0097F537 /* Main.storyboard */; };
		6F2ABECC1A7B3BDF0097F537 /* Images.xcassets in Resources */ = {isa = PBXBuildFile; fileRef = 6F2ABECB1A7B3BDF0097F537 /* Images.xcassets */; };
		6F2ABECF1A7B3BDF0097F537 /* LaunchScreen.xib in Resources */ = {isa = PBXBuildFile; fileRef = 6F2ABECD1A7B3BDF0097F537 /* LaunchScreen.xib */; };
		6F2ABEDB1A7B3BDF0097F537 /* VoiceOutputterTests.swift in Sources */ = {isa = PBXBuildFile; fileRef = 6F2ABEDA1A7B3BDF0097F537 /* VoiceOutputterTests.swift */; };
/* End PBXBuildFile section */

/* Begin PBXContainerItemProxy section */
		6F2ABED51A7B3BDF0097F537 /* PBXContainerItemProxy */ = {
			isa = PBXContainerItemProxy;
			containerPortal = 6F2ABEB71A7B3BDF0097F537 /* Project object */;
			proxyType = 1;
			remoteGlobalIDString = 6F2ABEBE1A7B3BDF0097F537;
			remoteInfo = VoiceOutputter;
		};
/* End PBXContainerItemProxy section */

/* Begin PBXFileReference section */
		50AE90B41A7B4A6D002A9803 /* viewControllerModel.swift */ = {isa = PBXFileReference; fileEncoding = 4; lastKnownFileType = sourcecode.swift; name = viewControllerModel.swift; path = ../viewControllerModel.swift; sourceTree = "<group>"; };
		50AE90B61A7B4A7D002A9803 /* textViewModel.swift */ = {isa = PBXFileReference; fileEncoding = 4; lastKnownFileType = sourcecode.swift; name = textViewModel.swift; path = ../textViewModel.swift; sourceTree = "<group>"; };
		50AE90B81A7B4A93002A9803 /* voiceOutputModel.swift */ = {isa = PBXFileReference; fileEncoding = 4; lastKnownFileType = sourcecode.swift; path = voiceOutputModel.swift; sourceTree = "<group>"; };
		50D583B41A841B2C00FF084C /* VoiceOutputter-Bridging-Header.h */ = {isa = PBXFileReference; lastKnownFileType = sourcecode.c.h; path = "VoiceOutputter-Bridging-Header.h"; sourceTree = "<group>"; };
		50D583B81A841E2600FF084C /* tessdata */ = {isa = PBXFileReference; lastKnownFileType = folder; path = tessdata; sourceTree = "<group>"; };
		58915E79564BA2CE1C560E56 /* Pods.debug.xcconfig */ = {isa = PBXFileReference; includeInIndex = 1; lastKnownFileType = text.xcconfig; name = Pods.debug.xcconfig; path = "Pods/Target Support Files/Pods/Pods.debug.xcconfig"; sourceTree = "<group>"; };
		6F2ABEBF1A7B3BDF0097F537 /* VoiceOutputter.app */ = {isa = PBXFileReference; explicitFileType = wrapper.application; includeInIndex = 0; path = VoiceOutputter.app; sourceTree = BUILT_PRODUCTS_DIR; };
		6F2ABEC31A7B3BDF0097F537 /* Info.plist */ = {isa = PBXFileReference; lastKnownFileType = text.plist.xml; path = Info.plist; sourceTree = "<group>"; };
		6F2ABEC41A7B3BDF0097F537 /* AppDelegate.swift */ = {isa = PBXFileReference; lastKnownFileType = sourcecode.swift; path = AppDelegate.swift; sourceTree = "<group>"; };
		6F2ABEC61A7B3BDF0097F537 /* ViewController.swift */ = {isa = PBXFileReference; lastKnownFileType = sourcecode.swift; path = ViewController.swift; sourceTree = "<group>"; };
		6F2ABEC91A7B3BDF0097F537 /* Base */ = {isa = PBXFileReference; lastKnownFileType = file.storyboard; name = Base; path = Base.lproj/Main.storyboard; sourceTree = "<group>"; };
		6F2ABECB1A7B3BDF0097F537 /* Images.xcassets */ = {isa = PBXFileReference; lastKnownFileType = folder.assetcatalog; path = Images.xcassets; sourceTree = "<group>"; };
		6F2ABECE1A7B3BDF0097F537 /* Base */ = {isa = PBXFileReference; lastKnownFileType = file.xib; name = Base; path = Base.lproj/LaunchScreen.xib; sourceTree = "<group>"; };
		6F2ABED41A7B3BDF0097F537 /* VoiceOutputterTests.xctest */ = {isa = PBXFileReference; explicitFileType = wrapper.cfbundle; includeInIndex = 0; path = VoiceOutputterTests.xctest; sourceTree = BUILT_PRODUCTS_DIR; };
		6F2ABED91A7B3BDF0097F537 /* Info.plist */ = {isa = PBXFileReference; lastKnownFileType = text.plist.xml; path = Info.plist; sourceTree = "<group>"; };
		6F2ABEDA1A7B3BDF0097F537 /* VoiceOutputterTests.swift */ = {isa = PBXFileReference; lastKnownFileType = sourcecode.swift; path = VoiceOutputterTests.swift; sourceTree = "<group>"; };
		A28DA5ACC8CEF9757D3B4D08 /* libPods.a */ = {isa = PBXFileReference; explicitFileType = archive.ar; includeInIndex = 0; path = libPods.a; sourceTree = BUILT_PRODUCTS_DIR; };
		BB54F31EC646DD7F2D2CEC04 /* Pods.release.xcconfig */ = {isa = PBXFileReference; includeInIndex = 1; lastKnownFileType = text.xcconfig; name = Pods.release.xcconfig; path = "Pods/Target Support Files/Pods/Pods.release.xcconfig"; sourceTree = "<group>"; };
/* End PBXFileReference section */

/* Begin PBXFrameworksBuildPhase section */
		6F2ABEBC1A7B3BDF0097F537 /* Frameworks */ = {
			isa = PBXFrameworksBuildPhase;
			buildActionMask = 2147483647;
			files = (
				2F37D6158FE4079F9491EDE9 /* libPods.a in Frameworks */,
			);
			runOnlyForDeploymentPostprocessing = 0;
		};
		6F2ABED11A7B3BDF0097F537 /* Frameworks */ = {
			isa = PBXFrameworksBuildPhase;
			buildActionMask = 2147483647;
			files = (
			);
			runOnlyForDeploymentPostprocessing = 0;
		};
/* End PBXFrameworksBuildPhase section */

/* Begin PBXGroup section */
		4FE52397D1DA76160B2A8E5C /* Frameworks */ = {
			isa = PBXGroup;
			children = (
				A28DA5ACC8CEF9757D3B4D08 /* libPods.a */,
			);
			name = Frameworks;
			sourceTree = "<group>";
		};
		6F2ABEB61A7B3BDF0097F537 = {
			isa = PBXGroup;
			children = (
				6F2ABEC11A7B3BDF0097F537 /* VoiceOutputter */,
				6F2ABED71A7B3BDF0097F537 /* VoiceOutputterTests */,
				6F2ABEC01A7B3BDF0097F537 /* Products */,
				842972CDDB864D3389F75A2E /* Pods */,
				4FE52397D1DA76160B2A8E5C /* Frameworks */,
			);
			sourceTree = "<group>";
		};
		6F2ABEC01A7B3BDF0097F537 /* Products */ = {
			isa = PBXGroup;
			children = (
				6F2ABEBF1A7B3BDF0097F537 /* VoiceOutputter.app */,
				6F2ABED41A7B3BDF0097F537 /* VoiceOutputterTests.xctest */,
			);
			name = Products;
			sourceTree = "<group>";
		};
		6F2ABEC11A7B3BDF0097F537 /* VoiceOutputter */ = {
			isa = PBXGroup;
			children = (
				50D583B81A841E2600FF084C /* tessdata */,
				6F2ABEC41A7B3BDF0097F537 /* AppDelegate.swift */,
				6F2ABEC61A7B3BDF0097F537 /* ViewController.swift */,
				50AE90B41A7B4A6D002A9803 /* viewControllerModel.swift */,
				50AE90B61A7B4A7D002A9803 /* textViewModel.swift */,
				50AE90B81A7B4A93002A9803 /* voiceOutputModel.swift */,
				6F2ABEC81A7B3BDF0097F537 /* Main.storyboard */,
				6F2ABECB1A7B3BDF0097F537 /* Images.xcassets */,
				6F2ABECD1A7B3BDF0097F537 /* LaunchScreen.xib */,
				6F2ABEC21A7B3BDF0097F537 /* Supporting Files */,
				50D583B41A841B2C00FF084C /* VoiceOutputter-Bridging-Header.h */,
			);
			path = VoiceOutputter;
			sourceTree = "<group>";
		};
		6F2ABEC21A7B3BDF0097F537 /* Supporting Files */ = {
			isa = PBXGroup;
			children = (
				6F2ABEC31A7B3BDF0097F537 /* Info.plist */,
			);
			name = "Supporting Files";
			sourceTree = "<group>";
		};
		6F2ABED71A7B3BDF0097F537 /* VoiceOutputterTests */ = {
			isa = PBXGroup;
			children = (
				6F2ABEDA1A7B3BDF0097F537 /* VoiceOutputterTests.swift */,
				6F2ABED81A7B3BDF0097F537 /* Supporting Files */,
			);
			path = VoiceOutputterTests;
			sourceTree = "<group>";
		};
		6F2ABED81A7B3BDF0097F537 /* Supporting Files */ = {
			isa = PBXGroup;
			children = (
				6F2ABED91A7B3BDF0097F537 /* Info.plist */,
			);
			name = "Supporting Files";
			sourceTree = "<group>";
		};
		842972CDDB864D3389F75A2E /* Pods */ = {
			isa = PBXGroup;
			children = (
				58915E79564BA2CE1C560E56 /* Pods.debug.xcconfig */,
				BB54F31EC646DD7F2D2CEC04 /* Pods.release.xcconfig */,
			);
			name = Pods;
			sourceTree = "<group>";
		};
/* End PBXGroup section */

/* Begin PBXNativeTarget section */
		6F2ABEBE1A7B3BDF0097F537 /* VoiceOutputter */ = {
			isa = PBXNativeTarget;
			buildConfigurationList = 6F2ABEDE1A7B3BDF0097F537 /* Build configuration list for PBXNativeTarget "VoiceOutputter" */;
			buildPhases = (
				2DA5D8D8BC1D3C56AA2629AD /* Check Pods Manifest.lock */,
				6F2ABEBB1A7B3BDF0097F537 /* Sources */,
				6F2ABEBC1A7B3BDF0097F537 /* Frameworks */,
				6F2ABEBD1A7B3BDF0097F537 /* Resources */,
				D8C192035B9D9E4E9B868F3A /* Copy Pods Resources */,
				1F60344648D40FAF86D0EF7D /* Embed Pods Frameworks */,
			);
			buildRules = (
			);
			dependencies = (
			);
			name = VoiceOutputter;
			productName = VoiceOutputter;
			productReference = 6F2ABEBF1A7B3BDF0097F537 /* VoiceOutputter.app */;
			productType = "com.apple.product-type.application";
		};
		6F2ABED31A7B3BDF0097F537 /* VoiceOutputterTests */ = {
			isa = PBXNativeTarget;
			buildConfigurationList = 6F2ABEE11A7B3BDF0097F537 /* Build configuration list for PBXNativeTarget "VoiceOutputterTests" */;
			buildPhases = (
				6F2ABED01A7B3BDF0097F537 /* Sources */,
				6F2ABED11A7B3BDF0097F537 /* Frameworks */,
				6F2ABED21A7B3BDF0097F537 /* Resources */,
			);
			buildRules = (
			);
			dependencies = (
				6F2ABED61A7B3BDF0097F537 /* PBXTargetDependency */,
			);
			name = VoiceOutputterTests;
			productName = VoiceOutputterTests;
			productReference = 6F2ABED41A7B3BDF0097F537 /* VoiceOutputterTests.xctest */;
			productType = "com.apple.product-type.bundle.unit-test";
		};
/* End PBXNativeTarget section */

/* Begin PBXProject section */
		6F2ABEB71A7B3BDF0097F537 /* Project object */ = {
			isa = PBXProject;
			attributes = {
				LastSwiftUpdateCheck = 0710;
				LastUpgradeCheck = 0610;
				ORGANIZATIONNAME = "University of Tsukuba";
				TargetAttributes = {
					6F2ABEBE1A7B3BDF0097F537 = {
						CreatedOnToolsVersion = 6.1.1;
					};
					6F2ABED31A7B3BDF0097F537 = {
						CreatedOnToolsVersion = 6.1.1;
						TestTargetID = 6F2ABEBE1A7B3BDF0097F537;
					};
				};
			};
			buildConfigurationList = 6F2ABEBA1A7B3BDF0097F537 /* Build configuration list for PBXProject "VoiceOutputter" */;
			compatibilityVersion = "Xcode 3.2";
			developmentRegion = English;
			hasScannedForEncodings = 0;
			knownRegions = (
				en,
				Base,
			);
			mainGroup = 6F2ABEB61A7B3BDF0097F537;
			productRefGroup = 6F2ABEC01A7B3BDF0097F537 /* Products */;
			projectDirPath = "";
			projectRoot = "";
			targets = (
				6F2ABEBE1A7B3BDF0097F537 /* VoiceOutputter */,
				6F2ABED31A7B3BDF0097F537 /* VoiceOutputterTests */,
			);
		};
/* End PBXProject section */

/* Begin PBXResourcesBuildPhase section */
		6F2ABEBD1A7B3BDF0097F537 /* Resources */ = {
			isa = PBXResourcesBuildPhase;
			buildActionMask = 2147483647;
			files = (
				6F2ABECA1A7B3BDF0097F537 /* Main.storyboard in Resources */,
				50D583B91A841E2600FF084C /* tessdata in Resources */,
				6F2ABECF1A7B3BDF0097F537 /* LaunchScreen.xib in Resources */,
				6F2ABECC1A7B3BDF0097F537 /* Images.xcassets in Resources */,
			);
			runOnlyForDeploymentPostprocessing = 0;
		};
		6F2ABED21A7B3BDF0097F537 /* Resources */ = {
			isa = PBXResourcesBuildPhase;
			buildActionMask = 2147483647;
			files = (
			);
			runOnlyForDeploymentPostprocessing = 0;
		};
/* End PBXResourcesBuildPhase section */

/* Begin PBXShellScriptBuildPhase section */
		1F60344648D40FAF86D0EF7D /* Embed Pods Frameworks */ = {
			isa = PBXShellScriptBuildPhase;
			buildActionMask = 2147483647;
			files = (
			);
			inputPaths = (
			);
			name = "Embed Pods Frameworks";
			outputPaths = (
			);
			runOnlyForDeploymentPostprocessing = 0;
			shellPath = /bin/sh;
			shellScript = "\"${SRCROOT}/Pods/Target Support Files/Pods/Pods-frameworks.sh\"\n";
			showEnvVarsInLog = 0;
		};
		2DA5D8D8BC1D3C56AA2629AD /* Check Pods Manifest.lock */ = {
			isa = PBXShellScriptBuildPhase;
			buildActionMask = 2147483647;
			files = (
			);
			inputPaths = (
			);
			name = "Check Pods Manifest.lock";
			outputPaths = (
			);
			runOnlyForDeploymentPostprocessing = 0;
			shellPath = /bin/sh;
			shellScript = "diff \"${PODS_ROOT}/../Podfile.lock\" \"${PODS_ROOT}/Manifest.lock\" > /dev/null\nif [[ $? != 0 ]] ; then\n    cat << EOM\nerror: The sandbox is not in sync with the Podfile.lock. Run 'pod install' or update your CocoaPods installation.\nEOM\n    exit 1\nfi\n";
			showEnvVarsInLog = 0;
		};
		D8C192035B9D9E4E9B868F3A /* Copy Pods Resources */ = {
			isa = PBXShellScriptBuildPhase;
			buildActionMask = 2147483647;
			files = (
			);
			inputPaths = (
			);
			name = "Copy Pods Resources";
			outputPaths = (
			);
			runOnlyForDeploymentPostprocessing = 0;
			shellPath = /bin/sh;
			shellScript = "\"${SRCROOT}/Pods/Target Support Files/Pods/Pods-resources.sh\"\n";
			showEnvVarsInLog = 0;
		};
/* End PBXShellScriptBuildPhase section */

/* Begin PBXSourcesBuildPhase section */
		6F2ABEBB1A7B3BDF0097F537 /* Sources */ = {
			isa = PBXSourcesBuildPhase;
			buildActionMask = 2147483647;
			files = (
				6F2ABEC71A7B3BDF0097F537 /* ViewController.swift in Sources */,
				50AE90B51A7B4A6D002A9803 /* viewControllerModel.swift in Sources */,
				6F2ABEC51A7B3BDF0097F537 /* AppDelegate.swift in Sources */,
				50AE90B91A7B4A93002A9803 /* voiceOutputModel.swift in Sources */,
				50AE90B71A7B4A7D002A9803 /* textViewModel.swift in Sources */,
			);
			runOnlyForDeploymentPostprocessing = 0;
		};
		6F2ABED01A7B3BDF0097F537 /* Sources */ = {
			isa = PBXSourcesBuildPhase;
			buildActionMask = 2147483647;
			files = (
				6F2ABEDB1A7B3BDF0097F537 /* VoiceOutputterTests.swift in Sources */,
			);
			runOnlyForDeploymentPostprocessing = 0;
		};
/* End PBXSourcesBuildPhase section */

/* Begin PBXTargetDependency section */
		6F2ABED61A7B3BDF0097F537 /* PBXTargetDependency */ = {
			isa = PBXTargetDependency;
			target = 6F2ABEBE1A7B3BDF0097F537 /* VoiceOutputter */;
			targetProxy = 6F2ABED51A7B3BDF0097F537 /* PBXContainerItemProxy */;
		};
/* End PBXTargetDependency section */

/* Begin PBXVariantGroup section */
		6F2ABEC81A7B3BDF0097F537 /* Main.storyboard */ = {
			isa = PBXVariantGroup;
			children = (
				6F2ABEC91A7B3BDF0097F537 /* Base */,
			);
			name = Main.storyboard;
			sourceTree = "<group>";
		};
		6F2ABECD1A7B3BDF0097F537 /* LaunchScreen.xib */ = {
			isa = PBXVariantGroup;
			children = (
				6F2ABECE1A7B3BDF0097F537 /* Base */,
			);
			name = LaunchScreen.xib;
			sourceTree = "<group>";
		};
/* End PBXVariantGroup section */

/* Begin XCBuildConfiguration section */
		6F2ABEDC1A7B3BDF0097F537 /* Debug */ = {
			isa = XCBuildConfiguration;
			buildSettings = {
				ALWAYS_SEARCH_USER_PATHS = NO;
				CLANG_CXX_LANGUAGE_STANDARD = "gnu++0x";
				CLANG_CXX_LIBRARY = "libc++";
				CLANG_ENABLE_MODULES = YES;
				CLANG_ENABLE_OBJC_ARC = YES;
				CLANG_WARN_BOOL_CONVERSION = YES;
				CLANG_WARN_CONSTANT_CONVERSION = YES;
				CLANG_WARN_DIRECT_OBJC_ISA_USAGE = YES_ERROR;
				CLANG_WARN_EMPTY_BODY = YES;
				CLANG_WARN_ENUM_CONVERSION = YES;
				CLANG_WARN_INT_CONVERSION = YES;
				CLANG_WARN_OBJC_ROOT_CLASS = YES_ERROR;
				CLANG_WARN_UNREACHABLE_CODE = YES;
				CLANG_WARN__DUPLICATE_METHOD_MATCH = YES;
				"CODE_SIGN_IDENTITY[sdk=iphoneos*]" = "iPhone Developer";
				COPY_PHASE_STRIP = NO;
				ENABLE_STRICT_OBJC_MSGSEND = YES;
				GCC_C_LANGUAGE_STANDARD = gnu99;
				GCC_DYNAMIC_NO_PIC = NO;
				GCC_OPTIMIZATION_LEVEL = 0;
				GCC_PREPROCESSOR_DEFINITIONS = (
					"DEBUG=1",
					"$(inherited)",
				);
				GCC_SYMBOLS_PRIVATE_EXTERN = NO;
				GCC_WARN_64_TO_32_BIT_CONVERSION = YES;
				GCC_WARN_ABOUT_RETURN_TYPE = YES_ERROR;
				GCC_WARN_UNDECLARED_SELECTOR = YES;
				GCC_WARN_UNINITIALIZED_AUTOS = YES_AGGRESSIVE;
				GCC_WARN_UNUSED_FUNCTION = YES;
				GCC_WARN_UNUSED_VARIABLE = YES;
				IPHONEOS_DEPLOYMENT_TARGET = 8.1;
				MTL_ENABLE_DEBUG_INFO = YES;
				ONLY_ACTIVE_ARCH = NO;
				SDKROOT = iphoneos;
				SWIFT_OPTIMIZATION_LEVEL = "-Onone";
				TARGETED_DEVICE_FAMILY = 2;
			};
			name = Debug;
		};
		6F2ABEDD1A7B3BDF0097F537 /* Release */ = {
			isa = XCBuildConfiguration;
			buildSettings = {
				ALWAYS_SEARCH_USER_PATHS = NO;
				CLANG_CXX_LANGUAGE_STANDARD = "gnu++0x";
				CLANG_CXX_LIBRARY = "libc++";
				CLANG_ENABLE_MODULES = YES;
				CLANG_ENABLE_OBJC_ARC = YES;
				CLANG_WARN_BOOL_CONVERSION = YES;
				CLANG_WARN_CONSTANT_CONVERSION = YES;
				CLANG_WARN_DIRECT_OBJC_ISA_USAGE = YES_ERROR;
				CLANG_WARN_EMPTY_BODY = YES;
				CLANG_WARN_ENUM_CONVERSION = YES;
				CLANG_WARN_INT_CONVERSION = YES;
				CLANG_WARN_OBJC_ROOT_CLASS = YES_ERROR;
				CLANG_WARN_UNREACHABLE_CODE = YES;
				CLANG_WARN__DUPLICATE_METHOD_MATCH = YES;
				"CODE_SIGN_IDENTITY[sdk=iphoneos*]" = "iPhone Developer";
				COPY_PHASE_STRIP = YES;
				ENABLE_NS_ASSERTIONS = NO;
				ENABLE_STRICT_OBJC_MSGSEND = YES;
				GCC_C_LANGUAGE_STANDARD = gnu99;
				GCC_WARN_64_TO_32_BIT_CONVERSION = YES;
				GCC_WARN_ABOUT_RETURN_TYPE = YES_ERROR;
				GCC_WARN_UNDECLARED_SELECTOR = YES;
				GCC_WARN_UNINITIALIZED_AUTOS = YES_AGGRESSIVE;
				GCC_WARN_UNUSED_FUNCTION = YES;
				GCC_WARN_UNUSED_VARIABLE = YES;
				IPHONEOS_DEPLOYMENT_TARGET = 8.1;
				MTL_ENABLE_DEBUG_INFO = NO;
				SDKROOT = iphoneos;
				TARGETED_DEVICE_FAMILY = 2;
				VALIDATE_PRODUCT = YES;
			};
			name = Release;
		};
		6F2ABEDF1A7B3BDF0097F537 /* Debug */ = {
			isa = XCBuildConfiguration;
			baseConfigurationReference = 58915E79564BA2CE1C560E56 /* Pods.debug.xcconfig */;
			buildSettings = {
				ASSETCATALOG_COMPILER_APPICON_NAME = AppIcon;
				CLANG_ENABLE_MODULES = YES;
				ENABLE_BITCODE = NO;
				INFOPLIST_FILE = VoiceOutputter/Info.plist;
				LD_RUNPATH_SEARCH_PATHS = "$(inherited) @executable_path/Frameworks";
				PRODUCT_NAME = "$(TARGET_NAME)";
				SWIFT_OBJC_BRIDGING_HEADER = "VoiceOutputter/VoiceOutputter-Bridging-Header.h";
				SWIFT_OPTIMIZATION_LEVEL = "-Onone";
				TARGETED_DEVICE_FAMILY = 2;
			};
			name = Debug;
		};
		6F2ABEE01A7B3BDF0097F537 /* Release */ = {
			isa = XCBuildConfiguration;
			baseConfigurationReference = BB54F31EC646DD7F2D2CEC04 /* Pods.release.xcconfig */;
			buildSettings = {
				ASSETCATALOG_COMPILER_APPICON_NAME = AppIcon;
				CLANG_ENABLE_MODULES = YES;
				ENABLE_BITCODE = NO;
				INFOPLIST_FILE = VoiceOutputter/Info.plist;
				LD_RUNPATH_SEARCH_PATHS = "$(inherited) @executable_path/Frameworks";
				PRODUCT_NAME = "$(TARGET_NAME)";
				SWIFT_OBJC_BRIDGING_HEADER = "VoiceOutputter/VoiceOutputter-Bridging-Header.h";
				TARGETED_DEVICE_FAMILY = 2;
			};
			name = Release;
		};
		6F2ABEE21A7B3BDF0097F537 /* Debug */ = {
			isa = XCBuildConfiguration;
			buildSettings = {
				BUNDLE_LOADER = "$(TEST_HOST)";
				FRAMEWORK_SEARCH_PATHS = (
					"$(SDKROOT)/Developer/Library/Frameworks",
					"$(inherited)",
				);
				GCC_PREPROCESSOR_DEFINITIONS = (
					"DEBUG=1",
					"$(inherited)",
				);
				INFOPLIST_FILE = VoiceOutputterTests/Info.plist;
				LD_RUNPATH_SEARCH_PATHS = "$(inherited) @executable_path/Frameworks @loader_path/Frameworks";
				PRODUCT_NAME = "$(TARGET_NAME)";
				TEST_HOST = "$(BUILT_PRODUCTS_DIR)/VoiceOutputter.app/VoiceOutputter";
			};
			name = Debug;
		};
		6F2ABEE31A7B3BDF0097F537 /* Release */ = {
			isa = XCBuildConfiguration;
			buildSettings = {
				BUNDLE_LOADER = "$(TEST_HOST)";
				FRAMEWORK_SEARCH_PATHS = (
					"$(SDKROOT)/Developer/Library/Frameworks",
					"$(inherited)",
				);
				INFOPLIST_FILE = VoiceOutputterTests/Info.plist;
				LD_RUNPATH_SEARCH_PATHS = "$(inherited) @executable_path/Frameworks @loader_path/Frameworks";
				PRODUCT_NAME = "$(TARGET_NAME)";
				TEST_HOST = "$(BUILT_PRODUCTS_DIR)/VoiceOutputter.app/VoiceOutputter";
			};
			name = Release;
		};
/* End XCBuildConfiguration section */

/* Begin XCConfigurationList section */
		6F2ABEBA1A7B3BDF0097F537 /* Build configuration list for PBXProject "VoiceOutputter" */ = {
			isa = XCConfigurationList;
			buildConfigurations = (
				6F2ABEDC1A7B3BDF0097F537 /* Debug */,
				6F2ABEDD1A7B3BDF0097F537 /* Release */,
			);
			defaultConfigurationIsVisible = 0;
			defaultConfigurationName = Release;
		};
		6F2ABEDE1A7B3BDF0097F537 /* Build configuration list for PBXNativeTarget "VoiceOutputter" */ = {
			isa = XCConfigurationList;
			buildConfigurations = (
				6F2ABEDF1A7B3BDF0097F537 /* Debug */,
				6F2ABEE01A7B3BDF0097F537 /* Release */,
			);
			defaultConfigurationIsVisible = 0;
			defaultConfigurationName = Release;
		};
		6F2ABEE11A7B3BDF0097F537 /* Build configuration list for PBXNativeTarget "VoiceOutputterTests" */ = {
			isa = XCConfigurationList;
			buildConfigurations = (
				6F2ABEE21A7B3BDF0097F537 /* Debug */,
				6F2ABEE31A7B3BDF0097F537 /* Release */,
			);
			defaultConfigurationIsVisible = 0;
			defaultConfigurationName = Release;
		};
/* End XCConfigurationList section */
	};
	rootObject = 6F2ABEB71A7B3BDF0097F537 /* Project object */;
}
